
Microsoft Visual Studio Solution File, Format Version 12.00
# Visual Studio Version 17
VisualStudioVersion = 17.11.35222.181
MinimumVisualStudioVersion = 10.0.40219.1
Project("{FAE04EC0-301F-11D3-BF4B-00C04F79EFBC}") = "GetUpStandUp", "GetUpStandUp\GetUpStandUp.csproj", "{B5FA24B9-0E1A-490D-97A8-69FC6D71CA85}"
EndProject
Global
	GlobalSection(SolutionConfigurationPlatforms) = preSolution
		Debug|Any CPU = Debug|Any CPU
		Release|Any CPU = Release|Any CPU
	EndGlobalSection
	GlobalSection(ProjectConfigurationPlatforms) = postSolution
		{B5FA24B9-0E1A-490D-97A8-69FC6D71CA85}.Debug|Any CPU.ActiveCfg = Debug|Any CPU
		{B5FA24B9-0E1A-490D-97A8-69FC6D71CA85}.Debug|Any CPU.Build.0 = Debug|Any CPU
		{B5FA24B9-0E1A-490D-97A8-69FC6D71CA85}.Release|Any CPU.ActiveCfg = Release|Any CPU
		{B5FA24B9-0E1A-490D-97A8-69FC6D71CA85}.Release|Any CPU.Build.0 = Release|Any CPU
	EndGlobalSection
	GlobalSection(SolutionProperties) = preSolution
		HideSolutionNode = FALSE
	EndGlobalSection
	GlobalSection(ExtensibilityGlobals) = postSolution
		SolutionGuid = {944CA053-75C3-4183-8396-9724F16950AC}
	EndGlobalSection
EndGlobal
